
Microsoft Visual Studio Solution File, Format Version 12.00
Project("{FAE04EC0-301F-11D3-BF4B-00C04F79EFBC}") = "DeliveryService", "DeliveryService\DeliveryService.csproj", "{FC8680F0-F19A-4DE8-8F4D-033FE2847FF9}"
EndProject
Global
	GlobalSection(SolutionConfigurationPlatforms) = preSolution
		Debug|Any CPU = Debug|Any CPU
		Release|Any CPU = Release|Any CPU
	EndGlobalSection
	GlobalSection(ProjectConfigurationPlatforms) = postSolution
		{FC8680F0-F19A-4DE8-8F4D-033FE2847FF9}.Debug|Any CPU.ActiveCfg = Debug|Any CPU
		{FC8680F0-F19A-4DE8-8F4D-033FE2847FF9}.Debug|Any CPU.Build.0 = Debug|Any CPU
		{FC8680F0-F19A-4DE8-8F4D-033FE2847FF9}.Release|Any CPU.ActiveCfg = Release|Any CPU
		{FC8680F0-F19A-4DE8-8F4D-033FE2847FF9}.Release|Any CPU.Build.0 = Release|Any CPU
	EndGlobalSection
EndGlobal
